
Microsoft Visual Studio Solution File, Format Version 12.00
# Visual Studio Version 17
VisualStudioVersion = 17.9.34728.123
MinimumVisualStudioVersion = 10.0.40219.1
Project("{D2ABAB84-BF74-430A-B69E-9DC6D40DDA17}") = "SSAS_BANK_LR", "SSAS_BANK_LR.dwproj", "{A49D9EC5-348E-48FB-A7EF-EB4802C10C5D}"
EndProject
Global
	GlobalSection(SolutionConfigurationPlatforms) = preSolution
		Development|Default = Development|Default
	EndGlobalSection
	GlobalSection(ProjectConfigurationPlatforms) = postSolution
		{A49D9EC5-348E-48FB-A7EF-EB4802C10C5D}.Development|Default.ActiveCfg = Development
		{A49D9EC5-348E-48FB-A7EF-EB4802C10C5D}.Development|Default.Build.0 = Development
		{A49D9EC5-348E-48FB-A7EF-EB4802C10C5D}.Development|Default.Deploy.0 = Development
	EndGlobalSection
	GlobalSection(SolutionProperties) = preSolution
		HideSolutionNode = FALSE
	EndGlobalSection
	GlobalSection(ExtensibilityGlobals) = postSolution
		SolutionGuid = {AAA45AD2-D02E-40FA-8EC6-A13DEEBB3B8D}
	EndGlobalSection
EndGlobal
